// !$*UTF8*$!
{
	archiveVersion = 1;
	classes = {
	};
	objectVersion = 50;
	objects = {

/* Begin PBXBuildFile section */
		F921AEA221AC6CDA002814BA /* AppDelegate.swift in Sources */ = {isa = PBXBuildFile; fileRef = F921AEA121AC6CDA002814BA /* AppDelegate.swift */; };
		F921AEA421AC6CDA002814BA /* MapViewController.swift in Sources */ = {isa = PBXBuildFile; fileRef = F921AEA321AC6CDA002814BA /* MapViewController.swift */; };
		F921AEA721AC6CDA002814BA /* Main.storyboard in Resources */ = {isa = PBXBuildFile; fileRef = F921AEA521AC6CDA002814BA /* Main.storyboard */; };
		F921AEA921AC6CDB002814BA /* Assets.xcassets in Resources */ = {isa = PBXBuildFile; fileRef = F921AEA821AC6CDB002814BA /* Assets.xcassets */; };
		F921AEAC21AC6CDB002814BA /* LaunchScreen.storyboard in Resources */ = {isa = PBXBuildFile; fileRef = F921AEAA21AC6CDB002814BA /* LaunchScreen.storyboard */; };
		F921AEB421AC6D81002814BA /* PlacesViewController.swift in Sources */ = {isa = PBXBuildFile; fileRef = F921AEB321AC6D81002814BA /* PlacesViewController.swift */; };
		F97E728021AD8116003845B8 /* Week06Particial.xcdatamodeld in Sources */ = {isa = PBXBuildFile; fileRef = F97E727E21AD8116003845B8 /* Week06Particial.xcdatamodeld */; };
		F97E728221AD8251003845B8 /* PlacesRepository_Model.swift in Sources */ = {isa = PBXBuildFile; fileRef = F97E728121AD8251003845B8 /* PlacesRepository_Model.swift */; };
/* End PBXBuildFile section */

/* Begin PBXFileReference section */
		F921AE9E21AC6CDA002814BA /* Week06.app */ = {isa = PBXFileReference; explicitFileType = wrapper.application; includeInIndex = 0; path = Week06.app; sourceTree = BUILT_PRODUCTS_DIR; };
		F921AEA121AC6CDA002814BA /* AppDelegate.swift */ = {isa = PBXFileReference; lastKnownFileType = sourcecode.swift; path = AppDelegate.swift; sourceTree = "<group>"; };
		F921AEA321AC6CDA002814BA /* MapViewController.swift */ = {isa = PBXFileReference; lastKnownFileType = sourcecode.swift; path = MapViewController.swift; sourceTree = "<group>"; };
		F921AEA621AC6CDA002814BA /* Base */ = {isa = PBXFileReference; lastKnownFileType = file.storyboard; name = Base; path = Base.lproj/Main.storyboard; sourceTree = "<group>"; };
		F921AEA821AC6CDB002814BA /* Assets.xcassets */ = {isa = PBXFileReference; lastKnownFileType = folder.assetcatalog; path = Assets.xcassets; sourceTree = "<group>"; };
		F921AEAB21AC6CDB002814BA /* Base */ = {isa = PBXFileReference; lastKnownFileType = file.storyboard; name = Base; path = Base.lproj/LaunchScreen.storyboard; sourceTree = "<group>"; };
		F921AEAD21AC6CDB002814BA /* Info.plist */ = {isa = PBXFileReference; lastKnownFileType = text.plist.xml; path = Info.plist; sourceTree = "<group>"; };
		F921AEB321AC6D81002814BA /* PlacesViewController.swift */ = {isa = PBXFileReference; lastKnownFileType = sourcecode.swift; path = PlacesViewController.swift; sourceTree = "<group>"; };
		F97E727F21AD8116003845B8 /* Week06Particial.xcdatamodel */ = {isa = PBXFileReference; lastKnownFileType = wrapper.xcdatamodel; path = Week06Particial.xcdatamodel; sourceTree = "<group>"; };
		F97E728121AD8251003845B8 /* PlacesRepository_Model.swift */ = {isa = PBXFileReference; lastKnownFileType = sourcecode.swift; path = PlacesRepository_Model.swift; sourceTree = "<group>"; };
/* End PBXFileReference section */

/* Begin PBXFrameworksBuildPhase section */
		F921AE9B21AC6CDA002814BA /* Frameworks */ = {
			isa = PBXFrameworksBuildPhase;
			buildActionMask = 2147483647;
			files = (
			);
			runOnlyForDeploymentPostprocessing = 0;
		};
/* End PBXFrameworksBuildPhase section */

/* Begin PBXGroup section */
		F921AE9521AC6CDA002814BA = {
			isa = PBXGroup;
			children = (
				F921AEA021AC6CDA002814BA /* Week06 */,
				F921AE9F21AC6CDA002814BA /* Products */,
			);
			sourceTree = "<group>";
		};
		F921AE9F21AC6CDA002814BA /* Products */ = {
			isa = PBXGroup;
			children = (
				F921AE9E21AC6CDA002814BA /* Week06.app */,
			);
			name = Products;
			sourceTree = "<group>";
		};
		F921AEA021AC6CDA002814BA /* Week06 */ = {
			isa = PBXGroup;
			children = (
				F97E727E21AD8116003845B8 /* Week06Particial.xcdatamodeld */,
				F921AEA121AC6CDA002814BA /* AppDelegate.swift */,
				F921AEA321AC6CDA002814BA /* MapViewController.swift */,
				F921AEB321AC6D81002814BA /* PlacesViewController.swift */,
				F97E728121AD8251003845B8 /* PlacesRepository_Model.swift */,
				F921AEA521AC6CDA002814BA /* Main.storyboard */,
				F921AEA821AC6CDB002814BA /* Assets.xcassets */,
				F921AEAA21AC6CDB002814BA /* LaunchScreen.storyboard */,
				F921AEAD21AC6CDB002814BA /* Info.plist */,
			);
			path = Week06;
			sourceTree = "<group>";
		};
/* End PBXGroup section */

/* Begin PBXNativeTarget section */
		F921AE9D21AC6CDA002814BA /* Week06 */ = {
			isa = PBXNativeTarget;
			buildConfigurationList = F921AEB021AC6CDB002814BA /* Build configuration list for PBXNativeTarget "Week06" */;
			buildPhases = (
				F921AE9A21AC6CDA002814BA /* Sources */,
				F921AE9B21AC6CDA002814BA /* Frameworks */,
				F921AE9C21AC6CDA002814BA /* Resources */,
			);
			buildRules = (
			);
			dependencies = (
			);
			name = Week06;
			productName = Week06Particial;
			productReference = F921AE9E21AC6CDA002814BA /* Week06.app */;
			productType = "com.apple.product-type.application";
		};
/* End PBXNativeTarget section */

/* Begin PBXProject section */
		F921AE9621AC6CDA002814BA /* Project object */ = {
			isa = PBXProject;
			attributes = {
				LastSwiftUpdateCheck = 1010;
				LastUpgradeCheck = 1010;
				ORGANIZATIONNAME = COMP327;
				TargetAttributes = {
					F921AE9D21AC6CDA002814BA = {
						CreatedOnToolsVersion = 10.1;
					};
				};
			};
			buildConfigurationList = F921AE9921AC6CDA002814BA /* Build configuration list for PBXProject "Week06" */;
			compatibilityVersion = "Xcode 9.3";
			developmentRegion = en;
			hasScannedForEncodings = 0;
			knownRegions = (
				en,
				Base,
			);
			mainGroup = F921AE9521AC6CDA002814BA;
			productRefGroup = F921AE9F21AC6CDA002814BA /* Products */;
			projectDirPath = "";
			projectRoot = "";
			targets = (
				F921AE9D21AC6CDA002814BA /* Week06 */,
			);
		};
/* End PBXProject section */

/* Begin PBXResourcesBuildPhase section */
		F921AE9C21AC6CDA002814BA /* Resources */ = {
			isa = PBXResourcesBuildPhase;
			buildActionMask = 2147483647;
			files = (
				F921AEAC21AC6CDB002814BA /* LaunchScreen.storyboard in Resources */,
				F921AEA921AC6CDB002814BA /* Assets.xcassets in Resources */,
				F921AEA721AC6CDA002814BA /* Main.storyboard in Resources */,
			);
			runOnlyForDeploymentPostprocessing = 0;
		};
/* End PBXResourcesBuildPhase section */

/* Begin PBXSourcesBuildPhase section */
		F921AE9A21AC6CDA002814BA /* Sources */ = {
			isa = PBXSourcesBuildPhase;
			buildActionMask = 2147483647;
			files = (
				F921AEB421AC6D81002814BA /* PlacesViewController.swift in Sources */,
				F921AEA421AC6CDA002814BA /* MapViewController.swift in Sources */,
				F921AEA221AC6CDA002814BA /* AppDelegate.swift in Sources */,
				F97E728221AD8251003845B8 /* PlacesRepository_Model.swift in Sources */,
				F97E728021AD8116003845B8 /* Week06Particial.xcdatamodeld in Sources */,
			);
			runOnlyForDeploymentPostprocessing = 0;
		};
/* End PBXSourcesBuildPhase section */

/* Begin PBXVariantGroup section */
		F921AEA521AC6CDA002814BA /* Main.storyboard */ = {
			isa = PBXVariantGroup;
			children = (
				F921AEA621AC6CDA002814BA /* Base */,
			);
			name = Main.storyboard;
			sourceTree = "<group>";
		};
		F921AEAA21AC6CDB002814BA /* LaunchScreen.storyboard */ = {
			isa = PBXVariantGroup;
			children = (
				F921AEAB21AC6CDB002814BA /* Base */,
			);
			name = LaunchScreen.storyboard;
			sourceTree = "<group>";
		};
/* End PBXVariantGroup section */

/* Begin XCBuildConfiguration section */
		F921AEAE21AC6CDB002814BA /* Debug */ = {
			isa = XCBuildConfiguration;
			buildSettings = {
				ALWAYS_SEARCH_USER_PATHS = NO;
				CLANG_ANALYZER_NONNULL = YES;
				CLANG_ANALYZER_NUMBER_OBJECT_CONVERSION = YES_AGGRESSIVE;
				CLANG_CXX_LANGUAGE_STANDARD = "gnu++14";
				CLANG_CXX_LIBRARY = "libc++";
				CLANG_ENABLE_MODULES = YES;
				CLANG_ENABLE_OBJC_ARC = YES;
				CLANG_ENABLE_OBJC_WEAK = YES;
				CLANG_WARN_BLOCK_CAPTURE_AUTORELEASING = YES;
				CLANG_WARN_BOOL_CONVERSION = YES;
				CLANG_WARN_COMMA = YES;
				CLANG_WARN_CONSTANT_CONVERSION = YES;
				CLANG_WARN_DEPRECATED_OBJC_IMPLEMENTATIONS = YES;
				CLANG_WARN_DIRECT_OBJC_ISA_USAGE = YES_ERROR;
				CLANG_WARN_DOCUMENTATION_COMMENTS = YES;
				CLANG_WARN_EMPTY_BODY = YES;
				CLANG_WARN_ENUM_CONVERSION = YES;
				CLANG_WARN_INFINITE_RECURSION = YES;
				CLANG_WARN_INT_CONVERSION = YES;
				CLANG_WARN_NON_LITERAL_NULL_CONVERSION = YES;
				CLANG_WARN_OBJC_IMPLICIT_RETAIN_SELF = YES;
				CLANG_WARN_OBJC_LITERAL_CONVERSION = YES;
				CLANG_WARN_OBJC_ROOT_CLASS = YES_ERROR;
				CLANG_WARN_RANGE_LOOP_ANALYSIS = YES;
				CLANG_WARN_STRICT_PROTOTYPES = YES;
				CLANG_WARN_SUSPICIOUS_MOVE = YES;
				CLANG_WARN_UNGUARDED_AVAILABILITY = YES_AGGRESSIVE;
				CLANG_WARN_UNREACHABLE_CODE = YES;
				CLANG_WARN__DUPLICATE_METHOD_MATCH = YES;
				CODE_SIGN_IDENTITY = "iPhone Developer";
				COPY_PHASE_STRIP = NO;
				DEBUG_INFORMATION_FORMAT = dwarf;
				ENABLE_STRICT_OBJC_MSGSEND = YES;
				ENABLE_TESTABILITY = YES;
				GCC_C_LANGUAGE_STANDARD = gnu11;
				GCC_DYNAMIC_NO_PIC = NO;
				GCC_NO_COMMON_BLOCKS = YES;
				GCC_OPTIMIZATION_LEVEL = 0;
				GCC_PREPROCESSOR_DEFINITIONS = (
					"DEBUG=1",
					"$(inherited)",
				);
				GCC_WARN_64_TO_32_BIT_CONVERSION = YES;
				GCC_WARN_ABOUT_RETURN_TYPE = YES_ERROR;
				GCC_WARN_UNDECLARED_SELECTOR = YES;
				GCC_WARN_UNINITIALIZED_AUTOS = YES_AGGRESSIVE;
				GCC_WARN_UNUSED_FUNCTION = YES;
				GCC_WARN_UNUSED_VARIABLE = YES;
				IPHONEOS_DEPLOYMENT_TARGET = 12.0;
				MTL_ENABLE_DEBUG_INFO = INCLUDE_SOURCE;
				MTL_FAST_MATH = YES;
				ONLY_ACTIVE_ARCH = YES;
				SDKROOT = iphoneos;
				SWIFT_ACTIVE_COMPILATION_CONDITIONS = DEBUG;
				SWIFT_OPTIMIZATION_LEVEL = "-Onone";
			};
			name = Debug;
		};
		F921AEAF21AC6CDB002814BA /* Release */ = {
			isa = XCBuildConfiguration;
			buildSettings = {
				ALWAYS_SEARCH_USER_PATHS = NO;
				CLANG_ANALYZER_NONNULL = YES;
				CLANG_ANALYZER_NUMBER_OBJECT_CONVERSION = YES_AGGRESSIVE;
				CLANG_CXX_LANGUAGE_STANDARD = "gnu++14";
				CLANG_CXX_LIBRARY = "libc++";
				CLANG_ENABLE_MODULES = YES;
				CLANG_ENABLE_OBJC_ARC = YES;
				CLANG_ENABLE_OBJC_WEAK = YES;
				CLANG_WARN_BLOCK_CAPTURE_AUTORELEASING = YES;
				CLANG_WARN_BOOL_CONVERSION = YES;
				CLANG_WARN_COMMA = YES;
				CLANG_WARN_CONSTANT_CONVERSION = YES;
				CLANG_WARN_DEPRECATED_OBJC_IMPLEMENTATIONS = YES;
				CLANG_WARN_DIRECT_OBJC_ISA_USAGE = YES_ERROR;
				CLANG_WARN_DOCUMENTATION_COMMENTS = YES;
				CLANG_WARN_EMPTY_BODY = YES;
				CLANG_WARN_ENUM_CONVERSION = YES;
				CLANG_WARN_INFINITE_RECURSION = YES;
				CLANG_WARN_INT_CONVERSION = YES;
				CLANG_WARN_NON_LITERAL_NULL_CONVERSION = YES;
				CLANG_WARN_OBJC_IMPLICIT_RETAIN_SELF = YES;
				CLANG_WARN_OBJC_LITERAL_CONVERSION = YES;
				CLANG_WARN_OBJC_ROOT_CLASS = YES_ERROR;
				CLANG_WARN_RANGE_LOOP_ANALYSIS = YES;
				CLANG_WARN_STRICT_PROTOTYPES = YES;
				CLANG_WARN_SUSPICIOUS_MOVE = YES;
				CLANG_WARN_UNGUARDED_AVAILABILITY = YES_AGGRESSIVE;
				CLANG_WARN_UNREACHABLE_CODE = YES;
				CLANG_WARN__DUPLICATE_METHOD_MATCH = YES;
				CODE_SIGN_IDENTITY = "iPhone Developer";
				COPY_PHASE_STRIP = NO;
				DEBUG_INFORMATION_FORMAT = "dwarf-with-dsym";
				ENABLE_NS_ASSERTIONS = NO;
				ENABLE_STRICT_OBJC_MSGSEND = YES;
				GCC_C_LANGUAGE_STANDARD = gnu11;
				GCC_NO_COMMON_BLOCKS = YES;
				GCC_WARN_64_TO_32_BIT_CONVERSION = YES;
				GCC_WARN_ABOUT_RETURN_TYPE = YES_ERROR;
				GCC_WARN_UNDECLARED_SELECTOR = YES;
				GCC_WARN_UNINITIALIZED_AUTOS = YES_AGGRESSIVE;
				GCC_WARN_UNUSED_FUNCTION = YES;
				GCC_WARN_UNUSED_VARIABLE = YES;
				IPHONEOS_DEPLOYMENT_TARGET = 12.0;
				MTL_ENABLE_DEBUG_INFO = NO;
				MTL_FAST_MATH = YES;
				SDKROOT = iphoneos;
				SWIFT_COMPILATION_MODE = wholemodule;
				SWIFT_OPTIMIZATION_LEVEL = "-O";
				VALIDATE_PRODUCT = YES;
			};
			name = Release;
		};
		F921AEB121AC6CDB002814BA /* Debug */ = {
			isa = XCBuildConfiguration;
			buildSettings = {
				ASSETCATALOG_COMPILER_APPICON_NAME = AppIcon;
				CODE_SIGN_STYLE = Automatic;
				DEVELOPMENT_TEAM = 8NN3M5G7QZ;
				INFOPLIST_FILE = "$(SRCROOT)/Week06/Info.plist";
				LD_RUNPATH_SEARCH_PATHS = (
					"$(inherited)",
					"@executable_path/Frameworks",
				);
				PRODUCT_BUNDLE_IDENTIFIER = uk.ac.liverpool.computerDepartment.Week06Particial;
				PRODUCT_NAME = "$(TARGET_NAME)";
				SWIFT_VERSION = 4.2;
				TARGETED_DEVICE_FAMILY = "1,2";
			};
			name = Debug;
		};
		F921AEB221AC6CDB002814BA /* Release */ = {
			isa = XCBuildConfiguration;
			buildSettings = {
				ASSETCATALOG_COMPILER_APPICON_NAME = AppIcon;
				CODE_SIGN_STYLE = Automatic;
				DEVELOPMENT_TEAM = 8NN3M5G7QZ;
				INFOPLIST_FILE = "$(SRCROOT)/Week06/Info.plist";
				LD_RUNPATH_SEARCH_PATHS = (
					"$(inherited)",
					"@executable_path/Frameworks",
				);
				PRODUCT_BUNDLE_IDENTIFIER = uk.ac.liverpool.computerDepartment.Week06Particial;
				PRODUCT_NAME = "$(TARGET_NAME)";
				SWIFT_VERSION = 4.2;
				TARGETED_DEVICE_FAMILY = "1,2";
			};
			name = Release;
		};
/* End XCBuildConfiguration section */

/* Begin XCConfigurationList section */
		F921AE9921AC6CDA002814BA /* Build configuration list for PBXProject "Week06" */ = {
			isa = XCConfigurationList;
			buildConfigurations = (
				F921AEAE21AC6CDB002814BA /* Debug */,
				F921AEAF21AC6CDB002814BA /* Release */,
			);
			defaultConfigurationIsVisible = 0;
			defaultConfigurationName = Release;
		};
		F921AEB021AC6CDB002814BA /* Build configuration list for PBXNativeTarget "Week06" */ = {
			isa = XCConfigurationList;
			buildConfigurations = (
				F921AEB121AC6CDB002814BA /* Debug */,
				F921AEB221AC6CDB002814BA /* Release */,
			);
			defaultConfigurationIsVisible = 0;
			defaultConfigurationName = Release;
		};
/* End XCConfigurationList section */

/* Begin XCVersionGroup section */
		F97E727E21AD8116003845B8 /* Week06Particial.xcdatamodeld */ = {
			isa = XCVersionGroup;
			children = (
				F97E727F21AD8116003845B8 /* Week06Particial.xcdatamodel */,
			);
			currentVersion = F97E727F21AD8116003845B8 /* Week06Particial.xcdatamodel */;
			path = Week06Particial.xcdatamodeld;
			sourceTree = "<group>";
			versionGroupType = wrapper.xcdatamodel;
		};
/* End XCVersionGroup section */
	};
	rootObject = F921AE9621AC6CDA002814BA /* Project object */;
}
